
Microsoft Visual Studio Solution File, Format Version 12.00
Project("{FAE04EC0-301F-11D3-BF4B-00C04F79EFBC}") = "ConcurrentStack", "ConcurrentStack\ConcurrentStack.csproj", "{3EFB70A7-9A2D-485F-B263-87C2E372082C}"
EndProject
Global
	GlobalSection(SolutionConfigurationPlatforms) = preSolution
		Debug|Any CPU = Debug|Any CPU
		Release|Any CPU = Release|Any CPU
	EndGlobalSection
	GlobalSection(ProjectConfigurationPlatforms) = postSolution
		{3EFB70A7-9A2D-485F-B263-87C2E372082C}.Debug|Any CPU.ActiveCfg = Debug|Any CPU
		{3EFB70A7-9A2D-485F-B263-87C2E372082C}.Debug|Any CPU.Build.0 = Debug|Any CPU
		{3EFB70A7-9A2D-485F-B263-87C2E372082C}.Release|Any CPU.ActiveCfg = Release|Any CPU
		{3EFB70A7-9A2D-485F-B263-87C2E372082C}.Release|Any CPU.Build.0 = Release|Any CPU
	EndGlobalSection
EndGlobal
